
Microsoft Visual Studio Solution File, Format Version 12.00
# Visual Studio 14
VisualStudioVersion = 14.0.23107.0
MinimumVisualStudioVersion = 10.0.40219.1
Project("{FAE04EC0-301F-11D3-BF4B-00C04F79EFBC}") = "MyLogger", "MyLogger\MyLogger.csproj", "{FF19388C-EEBE-42C3-B981-3E71F429E68C}"
EndProject
Project("{FAE04EC0-301F-11D3-BF4B-00C04F79EFBC}") = "MyLogTool", "MyLogTool\MyLogTool.csproj", "{10DF82DD-04C7-41B5-86C6-BA7E1CD69B8E}"
EndProject
Project("{FAE04EC0-301F-11D3-BF4B-00C04F79EFBC}") = "LoggerTest", "LoggerTest\LoggerTest.csproj", "{0255C3EB-1CF2-4737-BFDD-CF6FEF33AD3B}"
EndProject
Global
	GlobalSection(SolutionConfigurationPlatforms) = preSolution
		Debug|Any CPU = Debug|Any CPU
		Release|Any CPU = Release|Any CPU
	EndGlobalSection
	GlobalSection(ProjectConfigurationPlatforms) = postSolution
		{FF19388C-EEBE-42C3-B981-3E71F429E68C}.Debug|Any CPU.ActiveCfg = Debug|Any CPU
		{FF19388C-EEBE-42C3-B981-3E71F429E68C}.Debug|Any CPU.Build.0 = Debug|Any CPU
		{FF19388C-EEBE-42C3-B981-3E71F429E68C}.Release|Any CPU.ActiveCfg = Release|Any CPU
		{FF19388C-EEBE-42C3-B981-3E71F429E68C}.Release|Any CPU.Build.0 = Release|Any CPU
		{10DF82DD-04C7-41B5-86C6-BA7E1CD69B8E}.Debug|Any CPU.ActiveCfg = Debug|Any CPU
		{10DF82DD-04C7-41B5-86C6-BA7E1CD69B8E}.Debug|Any CPU.Build.0 = Debug|Any CPU
		{10DF82DD-04C7-41B5-86C6-BA7E1CD69B8E}.Release|Any CPU.ActiveCfg = Release|Any CPU
		{10DF82DD-04C7-41B5-86C6-BA7E1CD69B8E}.Release|Any CPU.Build.0 = Release|Any CPU
		{0255C3EB-1CF2-4737-BFDD-CF6FEF33AD3B}.Debug|Any CPU.ActiveCfg = Debug|Any CPU
		{0255C3EB-1CF2-4737-BFDD-CF6FEF33AD3B}.Debug|Any CPU.Build.0 = Debug|Any CPU
		{0255C3EB-1CF2-4737-BFDD-CF6FEF33AD3B}.Release|Any CPU.ActiveCfg = Release|Any CPU
		{0255C3EB-1CF2-4737-BFDD-CF6FEF33AD3B}.Release|Any CPU.Build.0 = Release|Any CPU
	EndGlobalSection
	GlobalSection(SolutionProperties) = preSolution
		HideSolutionNode = FALSE
	EndGlobalSection
EndGlobal
